
Microsoft Visual Studio Solution File, Format Version 12.00
# Visual Studio Version 17
VisualStudioVersion = 17.14.36121.58 d17.14
MinimumVisualStudioVersion = 10.0.40219.1
Project("{FAE04EC0-301F-11D3-BF4B-00C04F79EFBC}") = "CodingGitHubTracker", "CodingGitHubTracker.csproj", "{CA4960ED-6330-4D0C-9360-C43F14541A8C}"
EndProject
Global
	GlobalSection(SolutionConfigurationPlatforms) = preSolution
		Debug|Any CPU = Debug|Any CPU
		Release|Any CPU = Release|Any CPU
	EndGlobalSection
	GlobalSection(ProjectConfigurationPlatforms) = postSolution
		{CA4960ED-6330-4D0C-9360-C43F14541A8C}.Debug|Any CPU.ActiveCfg = Debug|Any CPU
		{CA4960ED-6330-4D0C-9360-C43F14541A8C}.Debug|Any CPU.Build.0 = Debug|Any CPU
		{CA4960ED-6330-4D0C-9360-C43F14541A8C}.Release|Any CPU.ActiveCfg = Release|Any CPU
		{CA4960ED-6330-4D0C-9360-C43F14541A8C}.Release|Any CPU.Build.0 = Release|Any CPU
	EndGlobalSection
	GlobalSection(SolutionProperties) = preSolution
		HideSolutionNode = FALSE
	EndGlobalSection
	GlobalSection(ExtensibilityGlobals) = postSolution
		SolutionGuid = {589E2631-CE64-4C62-B4F9-0C1AA0BAE50A}
	EndGlobalSection
EndGlobal
